{
  "name": "b",
  "version": "1.0.0",
  "lockfileVersion": 1,
  "requires": true,
  "dependencies": {
    "a": {
      "version": "file:../a",
      "requires": {
        "wrappy": "1.0.2"
      },
      "dependencies": {
        "wrappy": {
          "version": "1.0.2",
          "bundled": true
        }
      }
    }
  }
}
